// !$*UTF8*$!
{
	archiveVersion = 1;
	classes = {
	};
	objectVersion = 46;
	objects = {

/* Begin PBXBuildFile section */
		DD1126451F4D692E00595053 /* TestViewController.storyboard in Resources */ = {isa = PBXBuildFile; fileRef = DD1126441F4D692E00595053 /* TestViewController.storyboard */; };
		DDBF60B41F3C437B002F34DC /* AppDelegate.swift in Sources */ = {isa = PBXBuildFile; fileRef = DDBF60B31F3C437B002F34DC /* AppDelegate.swift */; };
		DDBF60B61F3C437B002F34DC /* ViewController.swift in Sources */ = {isa = PBXBuildFile; fileRef = DDBF60B51F3C437B002F34DC /* ViewController.swift */; };
		DDBF60B91F3C437B002F34DC /* Main.storyboard in Resources */ = {isa = PBXBuildFile; fileRef = DDBF60B71F3C437B002F34DC /* Main.storyboard */; };
		DDBF60BB1F3C437B002F34DC /* Assets.xcassets in Resources */ = {isa = PBXBuildFile; fileRef = DDBF60BA1F3C437B002F34DC /* Assets.xcassets */; };
		DDBF60BE1F3C437B002F34DC /* LaunchScreen.storyboard in Resources */ = {isa = PBXBuildFile; fileRef = DDBF60BC1F3C437B002F34DC /* LaunchScreen.storyboard */; };
		DDDE9D421F4D589900BC1800 /* TestViewController.swift in Sources */ = {isa = PBXBuildFile; fileRef = DDDE9D411F4D589900BC1800 /* TestViewController.swift */; };
/* End PBXBuildFile section */

/* Begin PBXFileReference section */
		DD1126441F4D692E00595053 /* TestViewController.storyboard */ = {isa = PBXFileReference; fileEncoding = 4; lastKnownFileType = file.storyboard; path = TestViewController.storyboard; sourceTree = "<group>"; };
		DDBF60B01F3C437B002F34DC /* FVActionSheetController.app */ = {isa = PBXFileReference; explicitFileType = wrapper.application; includeInIndex = 0; path = FVActionSheetController.app; sourceTree = BUILT_PRODUCTS_DIR; };
		DDBF60B31F3C437B002F34DC /* AppDelegate.swift */ = {isa = PBXFileReference; lastKnownFileType = sourcecode.swift; path = AppDelegate.swift; sourceTree = "<group>"; };
		DDBF60B51F3C437B002F34DC /* ViewController.swift */ = {isa = PBXFileReference; lastKnownFileType = sourcecode.swift; path = ViewController.swift; sourceTree = "<group>"; };
		DDBF60B81F3C437B002F34DC /* Base */ = {isa = PBXFileReference; lastKnownFileType = file.storyboard; name = Base; path = Base.lproj/Main.storyboard; sourceTree = "<group>"; };
		DDBF60BA1F3C437B002F34DC /* Assets.xcassets */ = {isa = PBXFileReference; lastKnownFileType = folder.assetcatalog; path = Assets.xcassets; sourceTree = "<group>"; };
		DDBF60BD1F3C437B002F34DC /* Base */ = {isa = PBXFileReference; lastKnownFileType = file.storyboard; name = Base; path = Base.lproj/LaunchScreen.storyboard; sourceTree = "<group>"; };
		DDBF60BF1F3C437B002F34DC /* Info.plist */ = {isa = PBXFileReference; lastKnownFileType = text.plist.xml; path = Info.plist; sourceTree = "<group>"; };
		DDDE9D411F4D589900BC1800 /* TestViewController.swift */ = {isa = PBXFileReference; fileEncoding = 4; lastKnownFileType = sourcecode.swift; path = TestViewController.swift; sourceTree = "<group>"; };
/* End PBXFileReference section */

/* Begin PBXFrameworksBuildPhase section */
		DDBF60AD1F3C437B002F34DC /* Frameworks */ = {
			isa = PBXFrameworksBuildPhase;
			buildActionMask = 2147483647;
			files = (
			);
			runOnlyForDeploymentPostprocessing = 0;
		};
/* End PBXFrameworksBuildPhase section */

/* Begin PBXGroup section */
		DDBF60A71F3C437B002F34DC = {
			isa = PBXGroup;
			children = (
				DDBF60B21F3C437B002F34DC /* FVActionSheetController */,
				DDBF60B11F3C437B002F34DC /* Products */,
			);
			sourceTree = "<group>";
		};
		DDBF60B11F3C437B002F34DC /* Products */ = {
			isa = PBXGroup;
			children = (
				DDBF60B01F3C437B002F34DC /* FVActionSheetController.app */,
			);
			name = Products;
			sourceTree = "<group>";
		};
		DDBF60B21F3C437B002F34DC /* FVActionSheetController */ = {
			isa = PBXGroup;
			children = (
				DDBF60B31F3C437B002F34DC /* AppDelegate.swift */,
				DDBF60B51F3C437B002F34DC /* ViewController.swift */,
				DDDE9D411F4D589900BC1800 /* TestViewController.swift */,
				DD1126441F4D692E00595053 /* TestViewController.storyboard */,
				DDBF60B71F3C437B002F34DC /* Main.storyboard */,
				DDBF60BA1F3C437B002F34DC /* Assets.xcassets */,
				DDBF60BC1F3C437B002F34DC /* LaunchScreen.storyboard */,
				DDBF60BF1F3C437B002F34DC /* Info.plist */,
			);
			path = FVActionSheetController;
			sourceTree = "<group>";
		};
/* End PBXGroup section */

/* Begin PBXNativeTarget section */
		DDBF60AF1F3C437B002F34DC /* FVActionSheetController */ = {
			isa = PBXNativeTarget;
			buildConfigurationList = DDBF60C21F3C437B002F34DC /* Build configuration list for PBXNativeTarget "FVActionSheetController" */;
			buildPhases = (
				DDBF60AC1F3C437B002F34DC /* Sources */,
				DDBF60AD1F3C437B002F34DC /* Frameworks */,
				DDBF60AE1F3C437B002F34DC /* Resources */,
			);
			buildRules = (
			);
			dependencies = (
			);
			name = FVActionSheetController;
			productName = FVActionSheetController;
			productReference = DDBF60B01F3C437B002F34DC /* FVActionSheetController.app */;
			productType = "com.apple.product-type.application";
		};
/* End PBXNativeTarget section */

/* Begin PBXProject section */
		DDBF60A81F3C437B002F34DC /* Project object */ = {
			isa = PBXProject;
			attributes = {
				LastSwiftUpdateCheck = 0830;
				LastUpgradeCheck = 0830;
				ORGANIZATIONNAME = Huixiang;
				TargetAttributes = {
					DDBF60AF1F3C437B002F34DC = {
						CreatedOnToolsVersion = 8.3.3;
						DevelopmentTeam = XPMXP6URKM;
						ProvisioningStyle = Automatic;
					};
				};
			};
			buildConfigurationList = DDBF60AB1F3C437B002F34DC /* Build configuration list for PBXProject "FVActionSheetController" */;
			compatibilityVersion = "Xcode 3.2";
			developmentRegion = English;
			hasScannedForEncodings = 0;
			knownRegions = (
				en,
				Base,
			);
			mainGroup = DDBF60A71F3C437B002F34DC;
			productRefGroup = DDBF60B11F3C437B002F34DC /* Products */;
			projectDirPath = "";
			projectRoot = "";
			targets = (
				DDBF60AF1F3C437B002F34DC /* FVActionSheetController */,
			);
		};
/* End PBXProject section */

/* Begin PBXResourcesBuildPhase section */
		DDBF60AE1F3C437B002F34DC /* Resources */ = {
			isa = PBXResourcesBuildPhase;
			buildActionMask = 2147483647;
			files = (
				DDBF60BE1F3C437B002F34DC /* LaunchScreen.storyboard in Resources */,
				DDBF60BB1F3C437B002F34DC /* Assets.xcassets in Resources */,
				DDBF60B91F3C437B002F34DC /* Main.storyboard in Resources */,
				DD1126451F4D692E00595053 /* TestViewController.storyboard in Resources */,
			);
			runOnlyForDeploymentPostprocessing = 0;
		};
/* End PBXResourcesBuildPhase section */

/* Begin PBXSourcesBuildPhase section */
		DDBF60AC1F3C437B002F34DC /* Sources */ = {
			isa = PBXSourcesBuildPhase;
			buildActionMask = 2147483647;
			files = (
				DDBF60B61F3C437B002F34DC /* ViewController.swift in Sources */,
				DDDE9D421F4D589900BC1800 /* TestViewController.swift in Sources */,
				DDBF60B41F3C437B002F34DC /* AppDelegate.swift in Sources */,
			);
			runOnlyForDeploymentPostprocessing = 0;
		};
/* End PBXSourcesBuildPhase section */

/* Begin PBXVariantGroup section */
		DDBF60B71F3C437B002F34DC /* Main.storyboard */ = {
			isa = PBXVariantGroup;
			children = (
				DDBF60B81F3C437B002F34DC /* Base */,
			);
			name = Main.storyboard;
			sourceTree = "<group>";
		};
		DDBF60BC1F3C437B002F34DC /* LaunchScreen.storyboard */ = {
			isa = PBXVariantGroup;
			children = (
				DDBF60BD1F3C437B002F34DC /* Base */,
			);
			name = LaunchScreen.storyboard;
			sourceTree = "<group>";
		};
/* End PBXVariantGroup section */

/* Begin XCBuildConfiguration section */
		DDBF60C01F3C437B002F34DC /* Debug */ = {
			isa = XCBuildConfiguration;
			buildSettings = {
				ALWAYS_SEARCH_USER_PATHS = NO;
				CLANG_ANALYZER_NONNULL = YES;
				CLANG_ANALYZER_NUMBER_OBJECT_CONVERSION = YES_AGGRESSIVE;
				CLANG_CXX_LANGUAGE_STANDARD = "gnu++0x";
				CLANG_CXX_LIBRARY = "libc++";
				CLANG_ENABLE_MODULES = YES;
				CLANG_ENABLE_OBJC_ARC = YES;
				CLANG_WARN_BOOL_CONVERSION = YES;
				CLANG_WARN_CONSTANT_CONVERSION = YES;
				CLANG_WARN_DIRECT_OBJC_ISA_USAGE = YES_ERROR;
				CLANG_WARN_DOCUMENTATION_COMMENTS = YES;
				CLANG_WARN_EMPTY_BODY = YES;
				CLANG_WARN_ENUM_CONVERSION = YES;
				CLANG_WARN_INFINITE_RECURSION = YES;
				CLANG_WARN_INT_CONVERSION = YES;
				CLANG_WARN_OBJC_ROOT_CLASS = YES_ERROR;
				CLANG_WARN_SUSPICIOUS_MOVE = YES;
				CLANG_WARN_UNREACHABLE_CODE = YES;
				CLANG_WARN__DUPLICATE_METHOD_MATCH = YES;
				"CODE_SIGN_IDENTITY[sdk=iphoneos*]" = "iPhone Developer";
				COPY_PHASE_STRIP = NO;
				DEBUG_INFORMATION_FORMAT = dwarf;
				ENABLE_STRICT_OBJC_MSGSEND = YES;
				ENABLE_TESTABILITY = YES;
				GCC_C_LANGUAGE_STANDARD = gnu99;
				GCC_DYNAMIC_NO_PIC = NO;
				GCC_NO_COMMON_BLOCKS = YES;
				GCC_OPTIMIZATION_LEVEL = 0;
				GCC_PREPROCESSOR_DEFINITIONS = (
					"DEBUG=1",
					"$(inherited)",
				);
				GCC_WARN_64_TO_32_BIT_CONVERSION = YES;
				GCC_WARN_ABOUT_RETURN_TYPE = YES_ERROR;
				GCC_WARN_UNDECLARED_SELECTOR = YES;
				GCC_WARN_UNINITIALIZED_AUTOS = YES_AGGRESSIVE;
				GCC_WARN_UNUSED_FUNCTION = YES;
				GCC_WARN_UNUSED_VARIABLE = YES;
				IPHONEOS_DEPLOYMENT_TARGET = 10.3;
				MTL_ENABLE_DEBUG_INFO = YES;
				ONLY_ACTIVE_ARCH = YES;
				SDKROOT = iphoneos;
				SWIFT_ACTIVE_COMPILATION_CONDITIONS = DEBUG;
				SWIFT_OPTIMIZATION_LEVEL = "-Onone";
				TARGETED_DEVICE_FAMILY = "1,2";
			};
			name = Debug;
		};
		DDBF60C11F3C437B002F34DC /* Release */ = {
			isa = XCBuildConfiguration;
			buildSettings = {
				ALWAYS_SEARCH_USER_PATHS = NO;
				CLANG_ANALYZER_NONNULL = YES;
				CLANG_ANALYZER_NUMBER_OBJECT_CONVERSION = YES_AGGRESSIVE;
				CLANG_CXX_LANGUAGE_STANDARD = "gnu++0x";
				CLANG_CXX_LIBRARY = "libc++";
				CLANG_ENABLE_MODULES = YES;
				CLANG_ENABLE_OBJC_ARC = YES;
				CLANG_WARN_BOOL_CONVERSION = YES;
				CLANG_WARN_CONSTANT_CONVERSION = YES;
				CLANG_WARN_DIRECT_OBJC_ISA_USAGE = YES_ERROR;
				CLANG_WARN_DOCUMENTATION_COMMENTS = YES;
				CLANG_WARN_EMPTY_BODY = YES;
				CLANG_WARN_ENUM_CONVERSION = YES;
				CLANG_WARN_INFINITE_RECURSION = YES;
				CLANG_WARN_INT_CONVERSION = YES;
				CLANG_WARN_OBJC_ROOT_CLASS = YES_ERROR;
				CLANG_WARN_SUSPICIOUS_MOVE = YES;
				CLANG_WARN_UNREACHABLE_CODE = YES;
				CLANG_WARN__DUPLICATE_METHOD_MATCH = YES;
				"CODE_SIGN_IDENTITY[sdk=iphoneos*]" = "iPhone Developer";
				COPY_PHASE_STRIP = NO;
				DEBUG_INFORMATION_FORMAT = "dwarf-with-dsym";
				ENABLE_NS_ASSERTIONS = NO;
				ENABLE_STRICT_OBJC_MSGSEND = YES;
				GCC_C_LANGUAGE_STANDARD = gnu99;
				GCC_NO_COMMON_BLOCKS = YES;
				GCC_WARN_64_TO_32_BIT_CONVERSION = YES;
				GCC_WARN_ABOUT_RETURN_TYPE = YES_ERROR;
				GCC_WARN_UNDECLARED_SELECTOR = YES;
				GCC_WARN_UNINITIALIZED_AUTOS = YES_AGGRESSIVE;
				GCC_WARN_UNUSED_FUNCTION = YES;
				GCC_WARN_UNUSED_VARIABLE = YES;
				IPHONEOS_DEPLOYMENT_TARGET = 10.3;
				MTL_ENABLE_DEBUG_INFO = NO;
				SDKROOT = iphoneos;
				SWIFT_OPTIMIZATION_LEVEL = "-Owholemodule";
				TARGETED_DEVICE_FAMILY = "1,2";
				VALIDATE_PRODUCT = YES;
			};
			name = Release;
		};
		DDBF60C31F3C437B002F34DC /* Debug */ = {
			isa = XCBuildConfiguration;
			buildSettings = {
				ASSETCATALOG_COMPILER_APPICON_NAME = AppIcon;
				DEVELOPMENT_TEAM = XPMXP6URKM;
				INFOPLIST_FILE = FVActionSheetController/Info.plist;
				LD_RUNPATH_SEARCH_PATHS = "$(inherited) @executable_path/Frameworks";
				PRODUCT_BUNDLE_IDENTIFIER = com.iforvert.ios.FVActionSheetController;
				PRODUCT_NAME = "$(TARGET_NAME)";
				SWIFT_VERSION = 3.0;
			};
			name = Debug;
		};
		DDBF60C41F3C437B002F34DC /* Release */ = {
			isa = XCBuildConfiguration;
			buildSettings = {
				ASSETCATALOG_COMPILER_APPICON_NAME = AppIcon;
				DEVELOPMENT_TEAM = XPMXP6URKM;
				INFOPLIST_FILE = FVActionSheetController/Info.plist;
				LD_RUNPATH_SEARCH_PATHS = "$(inherited) @executable_path/Frameworks";
				PRODUCT_BUNDLE_IDENTIFIER = com.iforvert.ios.FVActionSheetController;
				PRODUCT_NAME = "$(TARGET_NAME)";
				SWIFT_VERSION = 3.0;
			};
			name = Release;
		};
/* End XCBuildConfiguration section */

/* Begin XCConfigurationList section */
		DDBF60AB1F3C437B002F34DC /* Build configuration list for PBXProject "FVActionSheetController" */ = {
			isa = XCConfigurationList;
			buildConfigurations = (
				DDBF60C01F3C437B002F34DC /* Debug */,
				DDBF60C11F3C437B002F34DC /* Release */,
			);
			defaultConfigurationIsVisible = 0;
			defaultConfigurationName = Release;
		};
		DDBF60C21F3C437B002F34DC /* Build configuration list for PBXNativeTarget "FVActionSheetController" */ = {
			isa = XCConfigurationList;
			buildConfigurations = (
				DDBF60C31F3C437B002F34DC /* Debug */,
				DDBF60C41F3C437B002F34DC /* Release */,
			);
			defaultConfigurationIsVisible = 0;
			defaultConfigurationName = Release;
		};
/* End XCConfigurationList section */
	};
	rootObject = DDBF60A81F3C437B002F34DC /* Project object */;
}
